{
  "name": "@eodm-productions/mdc-data-table",
  "version": "0.1.0",
  "lockfileVersion": 1,
  "requires": true,
  "dependencies": {
    "@eodm-productions/mdc-icon-button": {
      "version": "file:../mdc-icon-button",
      "requires": {
        "@material/ripple": "^7.0.0"
      },
      "dependencies": {
        "@material/animation": {
          "version": "7.0.0",
          "resolved": "https://registry.npmjs.org/@material/animation/-/animation-7.0.0.tgz",
          "integrity": "sha512-h0Ge337zBQk8FRin0xnO2fkFkxhidgUhekEtjrDf8F6m39WFr+VTw7hm7MrF1TejW5wdf+V+app7bvRYICMu1A==",
          "requires": {
            "tslib": "^1.9.3"
          }
        },
        "@material/base": {
          "version": "7.0.0",
          "resolved": "https://registry.npmjs.org/@material/base/-/base-7.0.0.tgz",
          "integrity": "sha512-FGWvJ14EvUCOC3hV9L26hqtGro6wVs3mKVIlQfYZYLcCZ/XRF7z5sfs/3eTbB2QVd3mC4jRdYlnnxfe/ptcYOA==",
          "requires": {
            "tslib": "^1.9.3"
          }
        },
        "@material/dom": {
          "version": "7.0.0",
          "resolved": "https://registry.npmjs.org/@material/dom/-/dom-7.0.0.tgz",
          "integrity": "sha512-8wtiYpITidoEM+Oi2kksqaepmxip+NuThBudRdpM/BA7mx/WKSnWnyIA3b4anIdRsKdlaYTQ0ONOb69r4PjfuQ==",
          "requires": {
            "@material/feature-targeting": "^7.0.0",
            "tslib": "^1.9.3"
          }
        },
        "@material/feature-targeting": {
          "version": "7.0.0",
          "resolved": "https://registry.npmjs.org/@material/feature-targeting/-/feature-targeting-7.0.0.tgz",
          "integrity": "sha512-png4Ep/eW53qU0lt7ELq9B/LR+ro3jQiMkRWpKaNBBijTgRDA6LAo9mlpbMcXvovcgu8TjLce+kpL9M0HWgbWg=="
        },
        "@material/ripple": {
          "version": "7.0.0",
          "resolved": "https://registry.npmjs.org/@material/ripple/-/ripple-7.0.0.tgz",
          "integrity": "sha512-zUnE67WIuYE0Ipcn+U2NWYM1rELOIjqfRNNsfzTZ2QqQxyfS8cbnlb27Xmz7H8qt7aOV/2vo/8X3W96ynG1vNg==",
          "requires": {
            "@material/animation": "^7.0.0",
            "@material/base": "^7.0.0",
            "@material/dom": "^7.0.0",
            "@material/feature-targeting": "^7.0.0",
            "@material/theme": "^7.0.0",
            "tslib": "^1.9.3"
          }
        },
        "@material/theme": {
          "version": "7.0.0",
          "resolved": "https://registry.npmjs.org/@material/theme/-/theme-7.0.0.tgz",
          "integrity": "sha512-tuwsTG5b1SdkQHnGOCsr/2Vl/smeIWuKtr9YdeHjqiLphEAzamd9tDCzSEXaO18wLvc7xour/cbWdD6LW+q2cw==",
          "requires": {
            "@material/feature-targeting": "^7.0.0"
          }
        },
        "tslib": {
          "version": "1.14.1",
          "resolved": "https://registry.npmjs.org/tslib/-/tslib-1.14.1.tgz",
          "integrity": "sha512-Xni35NKzjgMrwevysHTCArtLDpPvye8zV/0E4EyYn43P7/7qvQwPh9BGkHewbMulVntbigmcT7rdX3BNo9wRJg=="
        }
      }
    },
    "@eodm-productions/mdc-select": {
      "version": "file:../mdc-select",
      "requires": {
        "@eodm-productions/mdc-floating-label": "file:../mdc-floating-label",
        "@eodm-productions/mdc-line-ripple": "file:../mdc-line-ripple",
        "@eodm-productions/mdc-menu": "file:../mdc-menu",
        "@eodm-productions/mdc-notched-outline": "file:../mdc-notched-outline",
        "@material/dom": "^7.0.0",
        "@material/select": "^7.0.0"
      },
      "dependencies": {
        "@eodm-productions/mdc-floating-label": {
          "version": "file:../mdc-floating-label",
          "requires": {
            "@material/dom": "^7.0.0",
            "@material/floating-label": "^7.0.0"
          },
          "dependencies": {
            "@material/animation": {
              "version": "7.0.0",
              "resolved": "https://registry.npmjs.org/@material/animation/-/animation-7.0.0.tgz",
              "integrity": "sha512-h0Ge337zBQk8FRin0xnO2fkFkxhidgUhekEtjrDf8F6m39WFr+VTw7hm7MrF1TejW5wdf+V+app7bvRYICMu1A==",
              "requires": {
                "tslib": "^1.9.3"
              }
            },
            "@material/base": {
              "version": "7.0.0",
              "resolved": "https://registry.npmjs.org/@material/base/-/base-7.0.0.tgz",
              "integrity": "sha512-FGWvJ14EvUCOC3hV9L26hqtGro6wVs3mKVIlQfYZYLcCZ/XRF7z5sfs/3eTbB2QVd3mC4jRdYlnnxfe/ptcYOA==",
              "requires": {
                "tslib": "^1.9.3"
              }
            },
            "@material/dom": {
              "version": "7.0.0",
              "resolved": "https://registry.npmjs.org/@material/dom/-/dom-7.0.0.tgz",
              "integrity": "sha512-8wtiYpITidoEM+Oi2kksqaepmxip+NuThBudRdpM/BA7mx/WKSnWnyIA3b4anIdRsKdlaYTQ0ONOb69r4PjfuQ==",
              "requires": {
                "@material/feature-targeting": "^7.0.0",
                "tslib": "^1.9.3"
              }
            },
            "@material/feature-targeting": {
              "version": "7.0.0",
              "resolved": "https://registry.npmjs.org/@material/feature-targeting/-/feature-targeting-7.0.0.tgz",
              "integrity": "sha512-png4Ep/eW53qU0lt7ELq9B/LR+ro3jQiMkRWpKaNBBijTgRDA6LAo9mlpbMcXvovcgu8TjLce+kpL9M0HWgbWg=="
            },
            "@material/floating-label": {
              "version": "7.0.0",
              "resolved": "https://registry.npmjs.org/@material/floating-label/-/floating-label-7.0.0.tgz",
              "integrity": "sha512-tAiP6lWcSlJ2Zrwymt/v3hn/anPdH5gXJp/1NYXXhauHyjHW5jFizJeNLQWSdTwqUkagp6FH74XbiKTaC9WY5g==",
              "requires": {
                "@material/animation": "^7.0.0",
                "@material/base": "^7.0.0",
                "@material/dom": "^7.0.0",
                "@material/feature-targeting": "^7.0.0",
                "@material/rtl": "^7.0.0",
                "@material/theme": "^7.0.0",
                "@material/typography": "^7.0.0",
                "tslib": "^1.9.3"
              }
            },
            "@material/rtl": {
              "version": "7.0.0",
              "resolved": "https://registry.npmjs.org/@material/rtl/-/rtl-7.0.0.tgz",
              "integrity": "sha512-EaEoSWiRkbkmdGWxlp8eQGZviw1wJSaX0r7DTMuUEiO1ItztfT+bVagB58ZhkQaXwus8n14RH4tlms83/+ojcQ==",
              "requires": {
                "@material/theme": "^7.0.0"
              }
            },
            "@material/theme": {
              "version": "7.0.0",
              "resolved": "https://registry.npmjs.org/@material/theme/-/theme-7.0.0.tgz",
              "integrity": "sha512-tuwsTG5b1SdkQHnGOCsr/2Vl/smeIWuKtr9YdeHjqiLphEAzamd9tDCzSEXaO18wLvc7xour/cbWdD6LW+q2cw==",
              "requires": {
                "@material/feature-targeting": "^7.0.0"
              }
            },
            "@material/typography": {
              "version": "7.0.0",
              "resolved": "https://registry.npmjs.org/@material/typography/-/typography-7.0.0.tgz",
              "integrity": "sha512-K4virioLangwuLgdi7QusEiT2/rcIH6fU55BS4K9FOWHLFb8a4jvNGAv6fUVjZbyV+c5hlOmTRbWHCpchjLzjw==",
              "requires": {
                "@material/feature-targeting": "^7.0.0",
                "@material/theme": "^7.0.0"
              }
            },
            "tslib": {
              "version": "1.13.0",
              "resolved": "https://registry.npmjs.org/tslib/-/tslib-1.13.0.tgz",
              "integrity": "sha512-i/6DQjL8Xf3be4K/E6Wgpekn5Qasl1usyw++dAA35Ue5orEn65VIxOA+YvNNl9HV3qv70T7CNwjODHZrLwvd1Q=="
            }
          }
        },
        "@eodm-productions/mdc-line-ripple": {
          "version": "file:../mdc-line-ripple",
          "requires": {
            "@material/line-ripple": "^7.0.0"
          },
          "dependencies": {
            "@material/animation": {
              "version": "7.0.0",
              "resolved": "https://registry.npmjs.org/@material/animation/-/animation-7.0.0.tgz",
              "integrity": "sha512-h0Ge337zBQk8FRin0xnO2fkFkxhidgUhekEtjrDf8F6m39WFr+VTw7hm7MrF1TejW5wdf+V+app7bvRYICMu1A==",
              "requires": {
                "tslib": "^1.9.3"
              }
            },
            "@material/base": {
              "version": "7.0.0",
              "resolved": "https://registry.npmjs.org/@material/base/-/base-7.0.0.tgz",
              "integrity": "sha512-FGWvJ14EvUCOC3hV9L26hqtGro6wVs3mKVIlQfYZYLcCZ/XRF7z5sfs/3eTbB2QVd3mC4jRdYlnnxfe/ptcYOA==",
              "requires": {
                "tslib": "^1.9.3"
              }
            },
            "@material/feature-targeting": {
              "version": "7.0.0",
              "resolved": "https://registry.npmjs.org/@material/feature-targeting/-/feature-targeting-7.0.0.tgz",
              "integrity": "sha512-png4Ep/eW53qU0lt7ELq9B/LR+ro3jQiMkRWpKaNBBijTgRDA6LAo9mlpbMcXvovcgu8TjLce+kpL9M0HWgbWg=="
            },
            "@material/line-ripple": {
              "version": "7.0.0",
              "resolved": "https://registry.npmjs.org/@material/line-ripple/-/line-ripple-7.0.0.tgz",
              "integrity": "sha512-oU/TcKa/dVnljFtFPKHmcfBOsSD5o3bjYbEAD/FXR9mCOIAcCmPO6TegQWJDJ3o9y+eBc3S8aDXN+p0ub+DJIw==",
              "requires": {
                "@material/animation": "^7.0.0",
                "@material/base": "^7.0.0",
                "@material/feature-targeting": "^7.0.0",
                "@material/theme": "^7.0.0",
                "tslib": "^1.9.3"
              }
            },
            "@material/theme": {
              "version": "7.0.0",
              "resolved": "https://registry.npmjs.org/@material/theme/-/theme-7.0.0.tgz",
              "integrity": "sha512-tuwsTG5b1SdkQHnGOCsr/2Vl/smeIWuKtr9YdeHjqiLphEAzamd9tDCzSEXaO18wLvc7xour/cbWdD6LW+q2cw==",
              "requires": {
                "@material/feature-targeting": "^7.0.0"
              }
            },
            "tslib": {
              "version": "1.13.0",
              "resolved": "https://registry.npmjs.org/tslib/-/tslib-1.13.0.tgz",
              "integrity": "sha512-i/6DQjL8Xf3be4K/E6Wgpekn5Qasl1usyw++dAA35Ue5orEn65VIxOA+YvNNl9HV3qv70T7CNwjODHZrLwvd1Q=="
            }
          }
        },
        "@eodm-productions/mdc-menu": {
          "version": "file:../mdc-menu",
          "requires": {
            "@eodm-productions/mdc-list": "^0.1.1",
            "@eodm-productions/mdc-menu-surface": "^0.2.0",
            "@material/dom": "^7.0.0",
            "@material/menu": "7.0.0"
          },
          "dependencies": {
            "@eodm-productions/mdc-list": {
              "version": "0.1.1",
              "resolved": "https://registry.npmjs.org/@eodm-productions/mdc-list/-/mdc-list-0.1.1.tgz",
              "integrity": "sha512-PStK6Uq3giRqtYWJNzaoUvVPSIPpwd2T0FTpnN3KXtrSNracee7AYmKtrs3fJIXAfyBMGyPUtfcsqbrTzu0lTw==",
              "requires": {
                "@material/dom": "^7.0.0",
                "@material/list": "^7.0.0",
                "@material/ripple": "^7.0.0"
              }
            },
            "@eodm-productions/mdc-menu-surface": {
              "version": "0.2.0",
              "resolved": "https://registry.npmjs.org/@eodm-productions/mdc-menu-surface/-/mdc-menu-surface-0.2.0.tgz",
              "integrity": "sha512-GeBmK1DeziXHMwmUqgtpvK9kpvjK+ZQIHYyELTkSREZLZ3eBMbsjVaK9hD5wxxCEN8bE/bFFDjzeufgfx1cu5Q==",
              "requires": {
                "@material/menu-surface": "^7.0.0"
              }
            },
            "@material/animation": {
              "version": "7.0.0",
              "resolved": "https://registry.npmjs.org/@material/animation/-/animation-7.0.0.tgz",
              "integrity": "sha512-h0Ge337zBQk8FRin0xnO2fkFkxhidgUhekEtjrDf8F6m39WFr+VTw7hm7MrF1TejW5wdf+V+app7bvRYICMu1A==",
              "requires": {
                "tslib": "^1.9.3"
              }
            },
            "@material/base": {
              "version": "7.0.0",
              "resolved": "https://registry.npmjs.org/@material/base/-/base-7.0.0.tgz",
              "integrity": "sha512-FGWvJ14EvUCOC3hV9L26hqtGro6wVs3mKVIlQfYZYLcCZ/XRF7z5sfs/3eTbB2QVd3mC4jRdYlnnxfe/ptcYOA==",
              "requires": {
                "tslib": "^1.9.3"
              }
            },
            "@material/density": {
              "version": "7.0.0",
              "resolved": "https://registry.npmjs.org/@material/density/-/density-7.0.0.tgz",
              "integrity": "sha512-UsSngxrpI7fX8xS3QHjg7zHBxO07ftHdgBWEYklH/7xnv/qeR1OeqhLwZJkBrKJq1BDnJpeBJ2CHeiw8C5Ir+A=="
            },
            "@material/dom": {
              "version": "7.0.0",
              "resolved": "https://registry.npmjs.org/@material/dom/-/dom-7.0.0.tgz",
              "integrity": "sha512-8wtiYpITidoEM+Oi2kksqaepmxip+NuThBudRdpM/BA7mx/WKSnWnyIA3b4anIdRsKdlaYTQ0ONOb69r4PjfuQ==",
              "requires": {
                "@material/feature-targeting": "^7.0.0",
                "tslib": "^1.9.3"
              }
            },
            "@material/elevation": {
              "version": "7.0.0",
              "resolved": "https://registry.npmjs.org/@material/elevation/-/elevation-7.0.0.tgz",
              "integrity": "sha512-vUN/nPxWKa8+c23GMuvtsCQTY4x76U2jLO4BsI77Rr2oKuHHXcAYxyAoY/jggnpRfLZsNTmmZ4EVKbKqYgrocg==",
              "requires": {
                "@material/animation": "^7.0.0",
                "@material/base": "^7.0.0",
                "@material/feature-targeting": "^7.0.0",
                "@material/theme": "^7.0.0"
              }
            },
            "@material/feature-targeting": {
              "version": "7.0.0",
              "resolved": "https://registry.npmjs.org/@material/feature-targeting/-/feature-targeting-7.0.0.tgz",
              "integrity": "sha512-png4Ep/eW53qU0lt7ELq9B/LR+ro3jQiMkRWpKaNBBijTgRDA6LAo9mlpbMcXvovcgu8TjLce+kpL9M0HWgbWg=="
            },
            "@material/list": {
              "version": "7.0.0",
              "resolved": "https://registry.npmjs.org/@material/list/-/list-7.0.0.tgz",
              "integrity": "sha512-bdcL0uuRtVJikHyINa8NhAjHkmZN6Oq/CGtoAdTWkGl3aBCZUNn6p/80ptThdYkROJUjGQiyMkfJnzbdlwU7+A==",
              "requires": {
                "@material/base": "^7.0.0",
                "@material/density": "^7.0.0",
                "@material/dom": "^7.0.0",
                "@material/feature-targeting": "^7.0.0",
                "@material/ripple": "^7.0.0",
                "@material/rtl": "^7.0.0",
                "@material/shape": "^7.0.0",
                "@material/theme": "^7.0.0",
                "@material/typography": "^7.0.0",
                "tslib": "^1.9.3"
              }
            },
            "@material/menu": {
              "version": "7.0.0",
              "resolved": "https://registry.npmjs.org/@material/menu/-/menu-7.0.0.tgz",
              "integrity": "sha512-5dKdeRtxg8DXtPXw7fUE+raUOlZsVdPVMqRoa0OXcLBatbkyqVT606WGqTGy6+QhcisiuWbtYO4ibGrfpCXZyw==",
              "requires": {
                "@material/base": "^7.0.0",
                "@material/dom": "^7.0.0",
                "@material/elevation": "^7.0.0",
                "@material/feature-targeting": "^7.0.0",
                "@material/list": "^7.0.0",
                "@material/menu-surface": "^7.0.0",
                "@material/ripple": "^7.0.0",
                "@material/rtl": "^7.0.0",
                "@material/theme": "^7.0.0",
                "tslib": "^1.9.3"
              }
            },
            "@material/menu-surface": {
              "version": "7.0.0",
              "resolved": "https://registry.npmjs.org/@material/menu-surface/-/menu-surface-7.0.0.tgz",
              "integrity": "sha512-iJh0RuwbqCk3azeqaf8YIChnHx/4F0sE5btAs+y/105MOWJaMveLy/K0JPz3DUD+fAeOoKJiQaEBIzybedDwyg==",
              "requires": {
                "@material/animation": "^7.0.0",
                "@material/base": "^7.0.0",
                "@material/elevation": "^7.0.0",
                "@material/feature-targeting": "^7.0.0",
                "@material/rtl": "^7.0.0",
                "@material/shape": "^7.0.0",
                "@material/theme": "^7.0.0",
                "tslib": "^1.9.3"
              }
            },
            "@material/ripple": {
              "version": "7.0.0",
              "resolved": "https://registry.npmjs.org/@material/ripple/-/ripple-7.0.0.tgz",
              "integrity": "sha512-zUnE67WIuYE0Ipcn+U2NWYM1rELOIjqfRNNsfzTZ2QqQxyfS8cbnlb27Xmz7H8qt7aOV/2vo/8X3W96ynG1vNg==",
              "requires": {
                "@material/animation": "^7.0.0",
                "@material/base": "^7.0.0",
                "@material/dom": "^7.0.0",
                "@material/feature-targeting": "^7.0.0",
                "@material/theme": "^7.0.0",
                "tslib": "^1.9.3"
              }
            },
            "@material/rtl": {
              "version": "7.0.0",
              "resolved": "https://registry.npmjs.org/@material/rtl/-/rtl-7.0.0.tgz",
              "integrity": "sha512-EaEoSWiRkbkmdGWxlp8eQGZviw1wJSaX0r7DTMuUEiO1ItztfT+bVagB58ZhkQaXwus8n14RH4tlms83/+ojcQ==",
              "requires": {
                "@material/theme": "^7.0.0"
              }
            },
            "@material/shape": {
              "version": "7.0.0",
              "resolved": "https://registry.npmjs.org/@material/shape/-/shape-7.0.0.tgz",
              "integrity": "sha512-17s+B9ohHRFlFZPVDsIiZNwcxlg0Z9lPpETxhSn0CbfJ17UPSI7jQouebrF/APFSpPTyIuoW7mmB95On78Jf7A==",
              "requires": {
                "@material/feature-targeting": "^7.0.0",
                "@material/rtl": "^7.0.0",
                "@material/theme": "^7.0.0"
              }
            },
            "@material/theme": {
              "version": "7.0.0",
              "resolved": "https://registry.npmjs.org/@material/theme/-/theme-7.0.0.tgz",
              "integrity": "sha512-tuwsTG5b1SdkQHnGOCsr/2Vl/smeIWuKtr9YdeHjqiLphEAzamd9tDCzSEXaO18wLvc7xour/cbWdD6LW+q2cw==",
              "requires": {
                "@material/feature-targeting": "^7.0.0"
              }
            },
            "@material/typography": {
              "version": "7.0.0",
              "resolved": "https://registry.npmjs.org/@material/typography/-/typography-7.0.0.tgz",
              "integrity": "sha512-K4virioLangwuLgdi7QusEiT2/rcIH6fU55BS4K9FOWHLFb8a4jvNGAv6fUVjZbyV+c5hlOmTRbWHCpchjLzjw==",
              "requires": {
                "@material/feature-targeting": "^7.0.0",
                "@material/theme": "^7.0.0"
              }
            },
            "tslib": {
              "version": "1.13.0",
              "resolved": "https://registry.npmjs.org/tslib/-/tslib-1.13.0.tgz",
              "integrity": "sha512-i/6DQjL8Xf3be4K/E6Wgpekn5Qasl1usyw++dAA35Ue5orEn65VIxOA+YvNNl9HV3qv70T7CNwjODHZrLwvd1Q=="
            }
          }
        },
        "@eodm-productions/mdc-notched-outline": {
          "version": "file:../mdc-notched-outline",
          "requires": {
            "@eodm-productions/mdc-floating-label": "file:../mdc-floating-label",
            "@material/notched-outline": "^7.0.0"
          },
          "dependencies": {
            "@eodm-productions/mdc-floating-label": {
              "version": "file:../mdc-floating-label",
              "requires": {
                "@material/dom": "^7.0.0",
                "@material/floating-label": "^7.0.0"
              },
              "dependencies": {
                "@material/animation": {
                  "version": "7.0.0",
                  "resolved": "https://registry.npmjs.org/@material/animation/-/animation-7.0.0.tgz",
                  "integrity": "sha512-h0Ge337zBQk8FRin0xnO2fkFkxhidgUhekEtjrDf8F6m39WFr+VTw7hm7MrF1TejW5wdf+V+app7bvRYICMu1A==",
                  "requires": {
                    "tslib": "^1.9.3"
                  }
                },
                "@material/base": {
                  "version": "7.0.0",
                  "resolved": "https://registry.npmjs.org/@material/base/-/base-7.0.0.tgz",
                  "integrity": "sha512-FGWvJ14EvUCOC3hV9L26hqtGro6wVs3mKVIlQfYZYLcCZ/XRF7z5sfs/3eTbB2QVd3mC4jRdYlnnxfe/ptcYOA==",
                  "requires": {
                    "tslib": "^1.9.3"
                  }
                },
                "@material/dom": {
                  "version": "7.0.0",
                  "resolved": "https://registry.npmjs.org/@material/dom/-/dom-7.0.0.tgz",
                  "integrity": "sha512-8wtiYpITidoEM+Oi2kksqaepmxip+NuThBudRdpM/BA7mx/WKSnWnyIA3b4anIdRsKdlaYTQ0ONOb69r4PjfuQ==",
                  "requires": {
                    "@material/feature-targeting": "^7.0.0",
                    "tslib": "^1.9.3"
                  }
                },
                "@material/feature-targeting": {
                  "version": "7.0.0",
                  "resolved": "https://registry.npmjs.org/@material/feature-targeting/-/feature-targeting-7.0.0.tgz",
                  "integrity": "sha512-png4Ep/eW53qU0lt7ELq9B/LR+ro3jQiMkRWpKaNBBijTgRDA6LAo9mlpbMcXvovcgu8TjLce+kpL9M0HWgbWg=="
                },
                "@material/floating-label": {
                  "version": "7.0.0",
                  "resolved": "https://registry.npmjs.org/@material/floating-label/-/floating-label-7.0.0.tgz",
                  "integrity": "sha512-tAiP6lWcSlJ2Zrwymt/v3hn/anPdH5gXJp/1NYXXhauHyjHW5jFizJeNLQWSdTwqUkagp6FH74XbiKTaC9WY5g==",
                  "requires": {
                    "@material/animation": "^7.0.0",
                    "@material/base": "^7.0.0",
                    "@material/dom": "^7.0.0",
                    "@material/feature-targeting": "^7.0.0",
                    "@material/rtl": "^7.0.0",
                    "@material/theme": "^7.0.0",
                    "@material/typography": "^7.0.0",
                    "tslib": "^1.9.3"
                  }
                },
                "@material/rtl": {
                  "version": "7.0.0",
                  "resolved": "https://registry.npmjs.org/@material/rtl/-/rtl-7.0.0.tgz",
                  "integrity": "sha512-EaEoSWiRkbkmdGWxlp8eQGZviw1wJSaX0r7DTMuUEiO1ItztfT+bVagB58ZhkQaXwus8n14RH4tlms83/+ojcQ==",
                  "requires": {
                    "@material/theme": "^7.0.0"
                  }
                },
                "@material/theme": {
                  "version": "7.0.0",
                  "resolved": "https://registry.npmjs.org/@material/theme/-/theme-7.0.0.tgz",
                  "integrity": "sha512-tuwsTG5b1SdkQHnGOCsr/2Vl/smeIWuKtr9YdeHjqiLphEAzamd9tDCzSEXaO18wLvc7xour/cbWdD6LW+q2cw==",
                  "requires": {
                    "@material/feature-targeting": "^7.0.0"
                  }
                },
                "@material/typography": {
                  "version": "7.0.0",
                  "resolved": "https://registry.npmjs.org/@material/typography/-/typography-7.0.0.tgz",
                  "integrity": "sha512-K4virioLangwuLgdi7QusEiT2/rcIH6fU55BS4K9FOWHLFb8a4jvNGAv6fUVjZbyV+c5hlOmTRbWHCpchjLzjw==",
                  "requires": {
                    "@material/feature-targeting": "^7.0.0",
                    "@material/theme": "^7.0.0"
                  }
                },
                "tslib": {
                  "version": "1.13.0",
                  "resolved": "https://registry.npmjs.org/tslib/-/tslib-1.13.0.tgz",
                  "integrity": "sha512-i/6DQjL8Xf3be4K/E6Wgpekn5Qasl1usyw++dAA35Ue5orEn65VIxOA+YvNNl9HV3qv70T7CNwjODHZrLwvd1Q=="
                }
              }
            },
            "@material/animation": {
              "version": "7.0.0",
              "resolved": "https://registry.npmjs.org/@material/animation/-/animation-7.0.0.tgz",
              "integrity": "sha512-h0Ge337zBQk8FRin0xnO2fkFkxhidgUhekEtjrDf8F6m39WFr+VTw7hm7MrF1TejW5wdf+V+app7bvRYICMu1A==",
              "requires": {
                "tslib": "^1.9.3"
              }
            },
            "@material/base": {
              "version": "7.0.0",
              "resolved": "https://registry.npmjs.org/@material/base/-/base-7.0.0.tgz",
              "integrity": "sha512-FGWvJ14EvUCOC3hV9L26hqtGro6wVs3mKVIlQfYZYLcCZ/XRF7z5sfs/3eTbB2QVd3mC4jRdYlnnxfe/ptcYOA==",
              "requires": {
                "tslib": "^1.9.3"
              }
            },
            "@material/dom": {
              "version": "7.0.0",
              "resolved": "https://registry.npmjs.org/@material/dom/-/dom-7.0.0.tgz",
              "integrity": "sha512-8wtiYpITidoEM+Oi2kksqaepmxip+NuThBudRdpM/BA7mx/WKSnWnyIA3b4anIdRsKdlaYTQ0ONOb69r4PjfuQ==",
              "requires": {
                "@material/feature-targeting": "^7.0.0",
                "tslib": "^1.9.3"
              }
            },
            "@material/feature-targeting": {
              "version": "7.0.0",
              "resolved": "https://registry.npmjs.org/@material/feature-targeting/-/feature-targeting-7.0.0.tgz",
              "integrity": "sha512-png4Ep/eW53qU0lt7ELq9B/LR+ro3jQiMkRWpKaNBBijTgRDA6LAo9mlpbMcXvovcgu8TjLce+kpL9M0HWgbWg=="
            },
            "@material/floating-label": {
              "version": "7.0.0",
              "resolved": "https://registry.npmjs.org/@material/floating-label/-/floating-label-7.0.0.tgz",
              "integrity": "sha512-tAiP6lWcSlJ2Zrwymt/v3hn/anPdH5gXJp/1NYXXhauHyjHW5jFizJeNLQWSdTwqUkagp6FH74XbiKTaC9WY5g==",
              "requires": {
                "@material/animation": "^7.0.0",
                "@material/base": "^7.0.0",
                "@material/dom": "^7.0.0",
                "@material/feature-targeting": "^7.0.0",
                "@material/rtl": "^7.0.0",
                "@material/theme": "^7.0.0",
                "@material/typography": "^7.0.0",
                "tslib": "^1.9.3"
              }
            },
            "@material/notched-outline": {
              "version": "7.0.0",
              "resolved": "https://registry.npmjs.org/@material/notched-outline/-/notched-outline-7.0.0.tgz",
              "integrity": "sha512-MsOolYO71vy1auR1KOp7ipQY3WNa68FPC8s7thVbJXq6rZ6ZtnX18KJ9UQ+CI/7trJTej/IpGM5DKIQ4htoSVw==",
              "requires": {
                "@material/base": "^7.0.0",
                "@material/feature-targeting": "^7.0.0",
                "@material/floating-label": "^7.0.0",
                "@material/rtl": "^7.0.0",
                "@material/shape": "^7.0.0",
                "@material/theme": "^7.0.0",
                "tslib": "^1.9.3"
              }
            },
            "@material/rtl": {
              "version": "7.0.0",
              "resolved": "https://registry.npmjs.org/@material/rtl/-/rtl-7.0.0.tgz",
              "integrity": "sha512-EaEoSWiRkbkmdGWxlp8eQGZviw1wJSaX0r7DTMuUEiO1ItztfT+bVagB58ZhkQaXwus8n14RH4tlms83/+ojcQ==",
              "requires": {
                "@material/theme": "^7.0.0"
              }
            },
            "@material/shape": {
              "version": "7.0.0",
              "resolved": "https://registry.npmjs.org/@material/shape/-/shape-7.0.0.tgz",
              "integrity": "sha512-17s+B9ohHRFlFZPVDsIiZNwcxlg0Z9lPpETxhSn0CbfJ17UPSI7jQouebrF/APFSpPTyIuoW7mmB95On78Jf7A==",
              "requires": {
                "@material/feature-targeting": "^7.0.0",
                "@material/rtl": "^7.0.0",
                "@material/theme": "^7.0.0"
              }
            },
            "@material/theme": {
              "version": "7.0.0",
              "resolved": "https://registry.npmjs.org/@material/theme/-/theme-7.0.0.tgz",
              "integrity": "sha512-tuwsTG5b1SdkQHnGOCsr/2Vl/smeIWuKtr9YdeHjqiLphEAzamd9tDCzSEXaO18wLvc7xour/cbWdD6LW+q2cw==",
              "requires": {
                "@material/feature-targeting": "^7.0.0"
              }
            },
            "@material/typography": {
              "version": "7.0.0",
              "resolved": "https://registry.npmjs.org/@material/typography/-/typography-7.0.0.tgz",
              "integrity": "sha512-K4virioLangwuLgdi7QusEiT2/rcIH6fU55BS4K9FOWHLFb8a4jvNGAv6fUVjZbyV+c5hlOmTRbWHCpchjLzjw==",
              "requires": {
                "@material/feature-targeting": "^7.0.0",
                "@material/theme": "^7.0.0"
              }
            },
            "tslib": {
              "version": "1.13.0",
              "resolved": "https://registry.npmjs.org/tslib/-/tslib-1.13.0.tgz",
              "integrity": "sha512-i/6DQjL8Xf3be4K/E6Wgpekn5Qasl1usyw++dAA35Ue5orEn65VIxOA+YvNNl9HV3qv70T7CNwjODHZrLwvd1Q=="
            }
          }
        },
        "@material/animation": {
          "version": "7.0.0",
          "resolved": "https://registry.npmjs.org/@material/animation/-/animation-7.0.0.tgz",
          "integrity": "sha512-h0Ge337zBQk8FRin0xnO2fkFkxhidgUhekEtjrDf8F6m39WFr+VTw7hm7MrF1TejW5wdf+V+app7bvRYICMu1A==",
          "requires": {
            "tslib": "^1.9.3"
          }
        },
        "@material/base": {
          "version": "7.0.0",
          "resolved": "https://registry.npmjs.org/@material/base/-/base-7.0.0.tgz",
          "integrity": "sha512-FGWvJ14EvUCOC3hV9L26hqtGro6wVs3mKVIlQfYZYLcCZ/XRF7z5sfs/3eTbB2QVd3mC4jRdYlnnxfe/ptcYOA==",
          "requires": {
            "tslib": "^1.9.3"
          }
        },
        "@material/density": {
          "version": "7.0.0",
          "resolved": "https://registry.npmjs.org/@material/density/-/density-7.0.0.tgz",
          "integrity": "sha512-UsSngxrpI7fX8xS3QHjg7zHBxO07ftHdgBWEYklH/7xnv/qeR1OeqhLwZJkBrKJq1BDnJpeBJ2CHeiw8C5Ir+A=="
        },
        "@material/dom": {
          "version": "7.0.0",
          "resolved": "https://registry.npmjs.org/@material/dom/-/dom-7.0.0.tgz",
          "integrity": "sha512-8wtiYpITidoEM+Oi2kksqaepmxip+NuThBudRdpM/BA7mx/WKSnWnyIA3b4anIdRsKdlaYTQ0ONOb69r4PjfuQ==",
          "requires": {
            "@material/feature-targeting": "^7.0.0",
            "tslib": "^1.9.3"
          }
        },
        "@material/elevation": {
          "version": "7.0.0",
          "resolved": "https://registry.npmjs.org/@material/elevation/-/elevation-7.0.0.tgz",
          "integrity": "sha512-vUN/nPxWKa8+c23GMuvtsCQTY4x76U2jLO4BsI77Rr2oKuHHXcAYxyAoY/jggnpRfLZsNTmmZ4EVKbKqYgrocg==",
          "requires": {
            "@material/animation": "^7.0.0",
            "@material/base": "^7.0.0",
            "@material/feature-targeting": "^7.0.0",
            "@material/theme": "^7.0.0"
          }
        },
        "@material/feature-targeting": {
          "version": "7.0.0",
          "resolved": "https://registry.npmjs.org/@material/feature-targeting/-/feature-targeting-7.0.0.tgz",
          "integrity": "sha512-png4Ep/eW53qU0lt7ELq9B/LR+ro3jQiMkRWpKaNBBijTgRDA6LAo9mlpbMcXvovcgu8TjLce+kpL9M0HWgbWg=="
        },
        "@material/floating-label": {
          "version": "7.0.0",
          "resolved": "https://registry.npmjs.org/@material/floating-label/-/floating-label-7.0.0.tgz",
          "integrity": "sha512-tAiP6lWcSlJ2Zrwymt/v3hn/anPdH5gXJp/1NYXXhauHyjHW5jFizJeNLQWSdTwqUkagp6FH74XbiKTaC9WY5g==",
          "requires": {
            "@material/animation": "^7.0.0",
            "@material/base": "^7.0.0",
            "@material/dom": "^7.0.0",
            "@material/feature-targeting": "^7.0.0",
            "@material/rtl": "^7.0.0",
            "@material/theme": "^7.0.0",
            "@material/typography": "^7.0.0",
            "tslib": "^1.9.3"
          }
        },
        "@material/line-ripple": {
          "version": "7.0.0",
          "resolved": "https://registry.npmjs.org/@material/line-ripple/-/line-ripple-7.0.0.tgz",
          "integrity": "sha512-oU/TcKa/dVnljFtFPKHmcfBOsSD5o3bjYbEAD/FXR9mCOIAcCmPO6TegQWJDJ3o9y+eBc3S8aDXN+p0ub+DJIw==",
          "requires": {
            "@material/animation": "^7.0.0",
            "@material/base": "^7.0.0",
            "@material/feature-targeting": "^7.0.0",
            "@material/theme": "^7.0.0",
            "tslib": "^1.9.3"
          }
        },
        "@material/list": {
          "version": "7.0.0",
          "resolved": "https://registry.npmjs.org/@material/list/-/list-7.0.0.tgz",
          "integrity": "sha512-bdcL0uuRtVJikHyINa8NhAjHkmZN6Oq/CGtoAdTWkGl3aBCZUNn6p/80ptThdYkROJUjGQiyMkfJnzbdlwU7+A==",
          "requires": {
            "@material/base": "^7.0.0",
            "@material/density": "^7.0.0",
            "@material/dom": "^7.0.0",
            "@material/feature-targeting": "^7.0.0",
            "@material/ripple": "^7.0.0",
            "@material/rtl": "^7.0.0",
            "@material/shape": "^7.0.0",
            "@material/theme": "^7.0.0",
            "@material/typography": "^7.0.0",
            "tslib": "^1.9.3"
          }
        },
        "@material/menu": {
          "version": "7.0.0",
          "resolved": "https://registry.npmjs.org/@material/menu/-/menu-7.0.0.tgz",
          "integrity": "sha512-5dKdeRtxg8DXtPXw7fUE+raUOlZsVdPVMqRoa0OXcLBatbkyqVT606WGqTGy6+QhcisiuWbtYO4ibGrfpCXZyw==",
          "requires": {
            "@material/base": "^7.0.0",
            "@material/dom": "^7.0.0",
            "@material/elevation": "^7.0.0",
            "@material/feature-targeting": "^7.0.0",
            "@material/list": "^7.0.0",
            "@material/menu-surface": "^7.0.0",
            "@material/ripple": "^7.0.0",
            "@material/rtl": "^7.0.0",
            "@material/theme": "^7.0.0",
            "tslib": "^1.9.3"
          }
        },
        "@material/menu-surface": {
          "version": "7.0.0",
          "resolved": "https://registry.npmjs.org/@material/menu-surface/-/menu-surface-7.0.0.tgz",
          "integrity": "sha512-iJh0RuwbqCk3azeqaf8YIChnHx/4F0sE5btAs+y/105MOWJaMveLy/K0JPz3DUD+fAeOoKJiQaEBIzybedDwyg==",
          "requires": {
            "@material/animation": "^7.0.0",
            "@material/base": "^7.0.0",
            "@material/elevation": "^7.0.0",
            "@material/feature-targeting": "^7.0.0",
            "@material/rtl": "^7.0.0",
            "@material/shape": "^7.0.0",
            "@material/theme": "^7.0.0",
            "tslib": "^1.9.3"
          }
        },
        "@material/notched-outline": {
          "version": "7.0.0",
          "resolved": "https://registry.npmjs.org/@material/notched-outline/-/notched-outline-7.0.0.tgz",
          "integrity": "sha512-MsOolYO71vy1auR1KOp7ipQY3WNa68FPC8s7thVbJXq6rZ6ZtnX18KJ9UQ+CI/7trJTej/IpGM5DKIQ4htoSVw==",
          "requires": {
            "@material/base": "^7.0.0",
            "@material/feature-targeting": "^7.0.0",
            "@material/floating-label": "^7.0.0",
            "@material/rtl": "^7.0.0",
            "@material/shape": "^7.0.0",
            "@material/theme": "^7.0.0",
            "tslib": "^1.9.3"
          }
        },
        "@material/ripple": {
          "version": "7.0.0",
          "resolved": "https://registry.npmjs.org/@material/ripple/-/ripple-7.0.0.tgz",
          "integrity": "sha512-zUnE67WIuYE0Ipcn+U2NWYM1rELOIjqfRNNsfzTZ2QqQxyfS8cbnlb27Xmz7H8qt7aOV/2vo/8X3W96ynG1vNg==",
          "requires": {
            "@material/animation": "^7.0.0",
            "@material/base": "^7.0.0",
            "@material/dom": "^7.0.0",
            "@material/feature-targeting": "^7.0.0",
            "@material/theme": "^7.0.0",
            "tslib": "^1.9.3"
          }
        },
        "@material/rtl": {
          "version": "7.0.0",
          "resolved": "https://registry.npmjs.org/@material/rtl/-/rtl-7.0.0.tgz",
          "integrity": "sha512-EaEoSWiRkbkmdGWxlp8eQGZviw1wJSaX0r7DTMuUEiO1ItztfT+bVagB58ZhkQaXwus8n14RH4tlms83/+ojcQ==",
          "requires": {
            "@material/theme": "^7.0.0"
          }
        },
        "@material/select": {
          "version": "7.0.0",
          "resolved": "https://registry.npmjs.org/@material/select/-/select-7.0.0.tgz",
          "integrity": "sha512-QxBgT/m7dUZY2hiPxfPtEcYiR2BM+NEqKBkOoAjrb4XfvQQqoesl7woXdwNMP1a8RoZzJqcBM7shsdDamG9gYA==",
          "requires": {
            "@material/animation": "^7.0.0",
            "@material/base": "^7.0.0",
            "@material/density": "^7.0.0",
            "@material/dom": "^7.0.0",
            "@material/feature-targeting": "^7.0.0",
            "@material/floating-label": "^7.0.0",
            "@material/line-ripple": "^7.0.0",
            "@material/list": "^7.0.0",
            "@material/menu": "^7.0.0",
            "@material/menu-surface": "^7.0.0",
            "@material/notched-outline": "^7.0.0",
            "@material/ripple": "^7.0.0",
            "@material/rtl": "^7.0.0",
            "@material/shape": "^7.0.0",
            "@material/theme": "^7.0.0",
            "@material/typography": "^7.0.0",
            "tslib": "^1.9.3"
          }
        },
        "@material/shape": {
          "version": "7.0.0",
          "resolved": "https://registry.npmjs.org/@material/shape/-/shape-7.0.0.tgz",
          "integrity": "sha512-17s+B9ohHRFlFZPVDsIiZNwcxlg0Z9lPpETxhSn0CbfJ17UPSI7jQouebrF/APFSpPTyIuoW7mmB95On78Jf7A==",
          "requires": {
            "@material/feature-targeting": "^7.0.0",
            "@material/rtl": "^7.0.0",
            "@material/theme": "^7.0.0"
          }
        },
        "@material/theme": {
          "version": "7.0.0",
          "resolved": "https://registry.npmjs.org/@material/theme/-/theme-7.0.0.tgz",
          "integrity": "sha512-tuwsTG5b1SdkQHnGOCsr/2Vl/smeIWuKtr9YdeHjqiLphEAzamd9tDCzSEXaO18wLvc7xour/cbWdD6LW+q2cw==",
          "requires": {
            "@material/feature-targeting": "^7.0.0"
          }
        },
        "@material/typography": {
          "version": "7.0.0",
          "resolved": "https://registry.npmjs.org/@material/typography/-/typography-7.0.0.tgz",
          "integrity": "sha512-K4virioLangwuLgdi7QusEiT2/rcIH6fU55BS4K9FOWHLFb8a4jvNGAv6fUVjZbyV+c5hlOmTRbWHCpchjLzjw==",
          "requires": {
            "@material/feature-targeting": "^7.0.0",
            "@material/theme": "^7.0.0"
          }
        },
        "tslib": {
          "version": "1.13.0",
          "resolved": "https://registry.npmjs.org/tslib/-/tslib-1.13.0.tgz",
          "integrity": "sha512-i/6DQjL8Xf3be4K/E6Wgpekn5Qasl1usyw++dAA35Ue5orEn65VIxOA+YvNNl9HV3qv70T7CNwjODHZrLwvd1Q=="
        }
      }
    },
    "@material/dom": {
      "version": "7.0.0",
      "resolved": "https://registry.npmjs.org/@material/dom/-/dom-7.0.0.tgz",
      "integrity": "sha512-8wtiYpITidoEM+Oi2kksqaepmxip+NuThBudRdpM/BA7mx/WKSnWnyIA3b4anIdRsKdlaYTQ0ONOb69r4PjfuQ==",
      "requires": {
        "@material/feature-targeting": "^7.0.0",
        "tslib": "^1.9.3"
      }
    },
    "@material/feature-targeting": {
      "version": "7.0.0",
      "resolved": "https://registry.npmjs.org/@material/feature-targeting/-/feature-targeting-7.0.0.tgz",
      "integrity": "sha512-png4Ep/eW53qU0lt7ELq9B/LR+ro3jQiMkRWpKaNBBijTgRDA6LAo9mlpbMcXvovcgu8TjLce+kpL9M0HWgbWg=="
    },
    "tslib": {
      "version": "1.14.1",
      "resolved": "https://registry.npmjs.org/tslib/-/tslib-1.14.1.tgz",
      "integrity": "sha512-Xni35NKzjgMrwevysHTCArtLDpPvye8zV/0E4EyYn43P7/7qvQwPh9BGkHewbMulVntbigmcT7rdX3BNo9wRJg=="
    }
  }
}
